
Microsoft Visual Studio Solution File, Format Version 12.00
# Visual Studio Version 17
VisualStudioVersion = 17.7.34031.279
MinimumVisualStudioVersion = 10.0.40219.1
Project("{9A19103F-16F7-4668-BE54-9A1E7A4F7556}") = "DirWatcherApi", "DirWatcherApi.csproj", "{4D08494F-F477-411C-84E1-F6817435F558}"
EndProject
Global
	GlobalSection(SolutionConfigurationPlatforms) = preSolution
		Debug|Any CPU = Debug|Any CPU
		Release|Any CPU = Release|Any CPU
	EndGlobalSection
	GlobalSection(ProjectConfigurationPlatforms) = postSolution
		{4D08494F-F477-411C-84E1-F6817435F558}.Debug|Any CPU.ActiveCfg = Debug|Any CPU
		{4D08494F-F477-411C-84E1-F6817435F558}.Debug|Any CPU.Build.0 = Debug|Any CPU
		{4D08494F-F477-411C-84E1-F6817435F558}.Release|Any CPU.ActiveCfg = Release|Any CPU
		{4D08494F-F477-411C-84E1-F6817435F558}.Release|Any CPU.Build.0 = Release|Any CPU
	EndGlobalSection
	GlobalSection(SolutionProperties) = preSolution
		HideSolutionNode = FALSE
	EndGlobalSection
	GlobalSection(ExtensibilityGlobals) = postSolution
		SolutionGuid = {3DB76856-DB3B-428C-B57D-0E070A9ACCD6}
	EndGlobalSection
EndGlobal
